
Microsoft Visual Studio Solution File, Format Version 12.00
# Visual Studio Version 17
VisualStudioVersion = 17.0.32112.339
MinimumVisualStudioVersion = 10.0.40219.1
Project("{FAE04EC0-301F-11D3-BF4B-00C04F79EFBC}") = "MachineDrinks", "MachineDrinks\MachineDrinks.csproj", "{0AF3BFB5-25DA-469B-8620-F2FFCA8D3403}"
EndProject
Global
	GlobalSection(SolutionConfigurationPlatforms) = preSolution
		Debug|Any CPU = Debug|Any CPU
		Release|Any CPU = Release|Any CPU
	EndGlobalSection
	GlobalSection(ProjectConfigurationPlatforms) = postSolution
		{0AF3BFB5-25DA-469B-8620-F2FFCA8D3403}.Debug|Any CPU.ActiveCfg = Debug|Any CPU
		{0AF3BFB5-25DA-469B-8620-F2FFCA8D3403}.Debug|Any CPU.Build.0 = Debug|Any CPU
		{0AF3BFB5-25DA-469B-8620-F2FFCA8D3403}.Release|Any CPU.ActiveCfg = Release|Any CPU
		{0AF3BFB5-25DA-469B-8620-F2FFCA8D3403}.Release|Any CPU.Build.0 = Release|Any CPU
	EndGlobalSection
	GlobalSection(SolutionProperties) = preSolution
		HideSolutionNode = FALSE
	EndGlobalSection
	GlobalSection(ExtensibilityGlobals) = postSolution
		SolutionGuid = {9A751827-097A-4935-9A9F-2385AD73F6C2}
	EndGlobalSection
EndGlobal
